lockfileVersion: '6.0'

settings:
  autoInstallPeers: true
  excludeLinksFromLockfile: false

dependencies:
  '@hono/node-server':
    specifier: '*'
    version: 1.8.1
  hono:
    specifier: ~4.0.7
    version: 4.0.7

packages:

  /@hono/node-server@1.8.1:
    resolution: {integrity: sha512-9ondWs/5EuyZOd/iyiRp0GQfMEq+IA+IbV8Wy2bgdr5+cC55I3xbQrqtXKprw7jJhfvq3IVw7ALiuvCEmLdCAA==}
    engines: {node: '>=18.14.1'}
    dev: false

  /hono@4.0.7:
    resolution: {integrity: sha512-1fhi9MUzMIXWqPWA7OGPTpzjQupT78rf+U6N+2vxwy7U76jUX0dmkUtp572gR+dbGR1YugLYvyg/JrgPOSoutw==}
    engines: {node: '>=16.0.0'}
    dev: false
